// !$*UTF8*$!
{
	archiveVersion = 1;
	classes = {
	};
	objectVersion = 56;
	objects = {

/* Begin PBXBuildFile section */
		0EEA96442A90ECD50014BD06 /* Alamofire in Frameworks */ = {isa = PBXBuildFile; productRef = 0EEA96432A90ECD50014BD06 /* Alamofire */; };
		0EEA96472A90EF8B0014BD06 /* APIManager.swift in Sources */ = {isa = PBXBuildFile; fileRef = 0EEA96462A90EF8B0014BD06 /* APIManager.swift */; };
		0EEA96492A90F0F20014BD06 /* ServerMinsu.plist in Resources */ = {isa = PBXBuildFile; fileRef = 0EEA96482A90F0F20014BD06 /* ServerMinsu.plist */; };
		0EEA964B2A9122450014BD06 /* MyPage.swift in Sources */ = {isa = PBXBuildFile; fileRef = 0EEA964A2A9122450014BD06 /* MyPage.swift */; };
		512EAAC52A919BCC008F004E /* LaunchScreen.storyboard in Resources */ = {isa = PBXBuildFile; fileRef = 512EAAC42A919BCC008F004E /* LaunchScreen.storyboard */; };
		5142D7C22A9088EE00CB555E /* ClassList.swift in Sources */ = {isa = PBXBuildFile; fileRef = 5142D7C12A9088EE00CB555E /* ClassList.swift */; };
		5142D7C42A908FDF00CB555E /* ClassDetailView.swift in Sources */ = {isa = PBXBuildFile; fileRef = 5142D7C32A908FDF00CB555E /* ClassDetailView.swift */; };
		5142D7C72A909A6800CB555E /* CompletedView.swift in Sources */ = {isa = PBXBuildFile; fileRef = 5142D7C62A909A6800CB555E /* CompletedView.swift */; };
		5142D7CA2A909B6500CB555E /* ClassView.swift in Sources */ = {isa = PBXBuildFile; fileRef = 5142D7C92A909B6500CB555E /* ClassView.swift */; };
		51C3526E2A9081670065770C /* ProcessCard.swift in Sources */ = {isa = PBXBuildFile; fileRef = 51C3526D2A9081670065770C /* ProcessCard.swift */; };
		51E234072A90A0F1007E434E /* LectureDetailView.swift in Sources */ = {isa = PBXBuildFile; fileRef = 51E234062A90A0F1007E434E /* LectureDetailView.swift */; };
		51E2340A2A90A557007E434E /* RoundedRectangleButton.swift in Sources */ = {isa = PBXBuildFile; fileRef = 51E234092A90A557007E434E /* RoundedRectangleButton.swift */; };
		51E2340C2A90A7D2007E434E /* AddClassView.swift in Sources */ = {isa = PBXBuildFile; fileRef = 51E2340B2A90A7D2007E434E /* AddClassView.swift */; };
		51E2340E2A90F065007E434E /* DummyData.swift in Sources */ = {isa = PBXBuildFile; fileRef = 51E2340D2A90F065007E434E /* DummyData.swift */; };
		51FA43842A90546600BFD583 /* TomorrowApp.swift in Sources */ = {isa = PBXBuildFile; fileRef = 51FA43832A90546600BFD583 /* TomorrowApp.swift */; };
		51FA43882A90546700BFD583 /* Assets.xcassets in Resources */ = {isa = PBXBuildFile; fileRef = 51FA43872A90546700BFD583 /* Assets.xcassets */; };
		51FA438B2A90546700BFD583 /* Preview Assets.xcassets in Resources */ = {isa = PBXBuildFile; fileRef = 51FA438A2A90546700BFD583 /* Preview Assets.xcassets */; };
		51FA43922A9054B500BFD583 /* .gitignore in Resources */ = {isa = PBXBuildFile; fileRef = 51FA43912A9054B500BFD583 /* .gitignore */; };
		51FA43952A9059FA00BFD583 /* MainTabView.swift in Sources */ = {isa = PBXBuildFile; fileRef = 51FA43942A9059FA00BFD583 /* MainTabView.swift */; };
		51FA43982A905A4500BFD583 /* ColorExtension.swift in Sources */ = {isa = PBXBuildFile; fileRef = 51FA43972A905A4500BFD583 /* ColorExtension.swift */; };
		51FA439E2A905C3300BFD583 /* Pretendard-SemiBold.otf in Resources */ = {isa = PBXBuildFile; fileRef = 51FA439A2A905C3300BFD583 /* Pretendard-SemiBold.otf */; };
		51FA439F2A905C3300BFD583 /* Pretendard-ExtraLight.otf in Resources */ = {isa = PBXBuildFile; fileRef = 51FA439B2A905C3300BFD583 /* Pretendard-ExtraLight.otf */; };
		51FA43A02A905C3300BFD583 /* Pretendard-Regular.otf in Resources */ = {isa = PBXBuildFile; fileRef = 51FA439C2A905C3300BFD583 /* Pretendard-Regular.otf */; };
		51FA43A12A905C3300BFD583 /* Pretendard-Medium.otf in Resources */ = {isa = PBXBuildFile; fileRef = 51FA439D2A905C3300BFD583 /* Pretendard-Medium.otf */; };
		51FA43A32A905C3E00BFD583 /* FontExtension.swift in Sources */ = {isa = PBXBuildFile; fileRef = 51FA43A22A905C3E00BFD583 /* FontExtension.swift */; };
		51FA43A62A9065EE00BFD583 /* HomeView.swift in Sources */ = {isa = PBXBuildFile; fileRef = 51FA43A52A9065EE00BFD583 /* HomeView.swift */; };
/* End PBXBuildFile section */

/* Begin PBXFileReference section */
		0EEA96462A90EF8B0014BD06 /* APIManager.swift */ = {isa = PBXFileReference; lastKnownFileType = sourcecode.swift; path = APIManager.swift; sourceTree = "<group>"; };
		0EEA96482A90F0F20014BD06 /* ServerMinsu.plist */ = {isa = PBXFileReference; lastKnownFileType = text.plist.xml; path = ServerMinsu.plist; sourceTree = "<group>"; };
		0EEA964A2A9122450014BD06 /* MyPage.swift */ = {isa = PBXFileReference; lastKnownFileType = sourcecode.swift; path = MyPage.swift; sourceTree = "<group>"; };
		512EAAC42A919BCC008F004E /* LaunchScreen.storyboard */ = {isa = PBXFileReference; lastKnownFileType = file.storyboard; path = LaunchScreen.storyboard; sourceTree = "<group>"; };
		5142D7C12A9088EE00CB555E /* ClassList.swift */ = {isa = PBXFileReference; lastKnownFileType = sourcecode.swift; path = ClassList.swift; sourceTree = "<group>"; };
		5142D7C32A908FDF00CB555E /* ClassDetailView.swift */ = {isa = PBXFileReference; lastKnownFileType = sourcecode.swift; path = ClassDetailView.swift; sourceTree = "<group>"; };
		5142D7C62A909A6800CB555E /* CompletedView.swift */ = {isa = PBXFileReference; lastKnownFileType = sourcecode.swift; path = CompletedView.swift; sourceTree = "<group>"; };
		5142D7C92A909B6500CB555E /* ClassView.swift */ = {isa = PBXFileReference; lastKnownFileType = sourcecode.swift; path = ClassView.swift; sourceTree = "<group>"; };
		51C3526D2A9081670065770C /* ProcessCard.swift */ = {isa = PBXFileReference; lastKnownFileType = sourcecode.swift; path = ProcessCard.swift; sourceTree = "<group>"; };
		51E234062A90A0F1007E434E /* LectureDetailView.swift */ = {isa = PBXFileReference; lastKnownFileType = sourcecode.swift; path = LectureDetailView.swift; sourceTree = "<group>"; };
		51E234092A90A557007E434E /* RoundedRectangleButton.swift */ = {isa = PBXFileReference; lastKnownFileType = sourcecode.swift; path = RoundedRectangleButton.swift; sourceTree = "<group>"; };
		51E2340B2A90A7D2007E434E /* AddClassView.swift */ = {isa = PBXFileReference; lastKnownFileType = sourcecode.swift; path = AddClassView.swift; sourceTree = "<group>"; };
		51E2340D2A90F065007E434E /* DummyData.swift */ = {isa = PBXFileReference; lastKnownFileType = sourcecode.swift; path = DummyData.swift; sourceTree = "<group>"; };
		51FA43802A90546600BFD583 /* Tomorrow.app */ = {isa = PBXFileReference; explicitFileType = wrapper.application; includeInIndex = 0; path = Tomorrow.app; sourceTree = BUILT_PRODUCTS_DIR; };
		51FA43832A90546600BFD583 /* TomorrowApp.swift */ = {isa = PBXFileReference; lastKnownFileType = sourcecode.swift; path = TomorrowApp.swift; sourceTree = "<group>"; };
		51FA43872A90546700BFD583 /* Assets.xcassets */ = {isa = PBXFileReference; lastKnownFileType = folder.assetcatalog; path = Assets.xcassets; sourceTree = "<group>"; };
		51FA438A2A90546700BFD583 /* Preview Assets.xcassets */ = {isa = PBXFileReference; lastKnownFileType = folder.assetcatalog; path = "Preview Assets.xcassets"; sourceTree = "<group>"; };
		51FA43912A9054B500BFD583 /* .gitignore */ = {isa = PBXFileReference; lastKnownFileType = text; path = .gitignore; sourceTree = "<group>"; };
		51FA43942A9059FA00BFD583 /* MainTabView.swift */ = {isa = PBXFileReference; lastKnownFileType = sourcecode.swift; path = MainTabView.swift; sourceTree = "<group>"; };
		51FA43972A905A4500BFD583 /* ColorExtension.swift */ = {isa = PBXFileReference; lastKnownFileType = sourcecode.swift; path = ColorExtension.swift; sourceTree = "<group>"; };
		51FA439A2A905C3300BFD583 /* Pretendard-SemiBold.otf */ = {isa = PBXFileReference; lastKnownFileType = file; path = "Pretendard-SemiBold.otf"; sourceTree = "<group>"; };
		51FA439B2A905C3300BFD583 /* Pretendard-ExtraLight.otf */ = {isa = PBXFileReference; lastKnownFileType = file; path = "Pretendard-ExtraLight.otf"; sourceTree = "<group>"; };
		51FA439C2A905C3300BFD583 /* Pretendard-Regular.otf */ = {isa = PBXFileReference; lastKnownFileType = file; path = "Pretendard-Regular.otf"; sourceTree = "<group>"; };
		51FA439D2A905C3300BFD583 /* Pretendard-Medium.otf */ = {isa = PBXFileReference; lastKnownFileType = file; path = "Pretendard-Medium.otf"; sourceTree = "<group>"; };
		51FA43A22A905C3E00BFD583 /* FontExtension.swift */ = {isa = PBXFileReference; lastKnownFileType = sourcecode.swift; path = FontExtension.swift; sourceTree = "<group>"; };
		51FA43A42A9061A700BFD583 /* Info.plist */ = {isa = PBXFileReference; lastKnownFileType = text.plist; path = Info.plist; sourceTree = "<group>"; };
		51FA43A52A9065EE00BFD583 /* HomeView.swift */ = {isa = PBXFileReference; lastKnownFileType = sourcecode.swift; path = HomeView.swift; sourceTree = "<group>"; };
/* End PBXFileReference section */

/* Begin PBXFrameworksBuildPhase section */
		51FA437D2A90546600BFD583 /* Frameworks */ = {
			isa = PBXFrameworksBuildPhase;
			buildActionMask = 2147483647;
			files = (
				0EEA96442A90ECD50014BD06 /* Alamofire in Frameworks */,
			);
			runOnlyForDeploymentPostprocessing = 0;
		};
/* End PBXFrameworksBuildPhase section */

/* Begin PBXGroup section */
		0EEA96452A90EF6D0014BD06 /* API */ = {
			isa = PBXGroup;
			children = (
				0EEA96462A90EF8B0014BD06 /* APIManager.swift */,
			);
			path = API;
			sourceTree = "<group>";
		};
		5142D7C52A909A5400CB555E /* Completed */ = {
			isa = PBXGroup;
			children = (
				5142D7C62A909A6800CB555E /* CompletedView.swift */,
			);
			path = Completed;
			sourceTree = "<group>";
		};
		5142D7C82A909B5100CB555E /* Class */ = {
			isa = PBXGroup;
			children = (
				5142D7C92A909B6500CB555E /* ClassView.swift */,
				51E234062A90A0F1007E434E /* LectureDetailView.swift */,
				51E2340B2A90A7D2007E434E /* AddClassView.swift */,
			);
			path = Class;
			sourceTree = "<group>";
		};
		51E234082A90A53A007E434E /* Components */ = {
			isa = PBXGroup;
			children = (
				51E234092A90A557007E434E /* RoundedRectangleButton.swift */,
			);
			path = Components;
			sourceTree = "<group>";
		};
		51FA43772A90546600BFD583 = {
			isa = PBXGroup;
			children = (
				51FA43912A9054B500BFD583 /* .gitignore */,
				51FA43822A90546600BFD583 /* Tomorrow */,
				51FA43812A90546600BFD583 /* Products */,
			);
			sourceTree = "<group>";
		};
		51FA43812A90546600BFD583 /* Products */ = {
			isa = PBXGroup;
			children = (
				51FA43802A90546600BFD583 /* Tomorrow.app */,
			);
			name = Products;
			sourceTree = "<group>";
		};
		51FA43822A90546600BFD583 /* Tomorrow */ = {
			isa = PBXGroup;
			children = (
				51FA43A42A9061A700BFD583 /* Info.plist */,
				0EEA96482A90F0F20014BD06 /* ServerMinsu.plist */,
				51E234082A90A53A007E434E /* Components */,
				51FA43932A9059E100BFD583 /* Main */,
				51FA43962A905A0100BFD583 /* Extenstions */,
				51FA43832A90546600BFD583 /* TomorrowApp.swift */,
				512EAAC42A919BCC008F004E /* LaunchScreen.storyboard */,
				51E2340D2A90F065007E434E /* DummyData.swift */,
				51FA43872A90546700BFD583 /* Assets.xcassets */,
				51FA43892A90546700BFD583 /* Preview Content */,
			);
			path = Tomorrow;
			sourceTree = "<group>";
		};
		51FA43892A90546700BFD583 /* Preview Content */ = {
			isa = PBXGroup;
			children = (
				51FA438A2A90546700BFD583 /* Preview Assets.xcassets */,
			);
			path = "Preview Content";
			sourceTree = "<group>";
		};
		51FA43932A9059E100BFD583 /* Main */ = {
			isa = PBXGroup;
			children = (
				0EEA96452A90EF6D0014BD06 /* API */,
				51FA43942A9059FA00BFD583 /* MainTabView.swift */,
				5142D7C52A909A5400CB555E /* Completed */,
				51FA43A72A9065F100BFD583 /* Home */,
				5142D7C82A909B5100CB555E /* Class */,
			);
			path = Main;
			sourceTree = "<group>";
		};
		51FA43962A905A0100BFD583 /* Extenstions */ = {
			isa = PBXGroup;
			children = (
				51FA43992A905B7900BFD583 /* Font */,
				51FA43972A905A4500BFD583 /* ColorExtension.swift */,
			);
			path = Extenstions;
			sourceTree = "<group>";
		};
		51FA43992A905B7900BFD583 /* Font */ = {
			isa = PBXGroup;
			children = (
				51FA43A22A905C3E00BFD583 /* FontExtension.swift */,
				51FA439B2A905C3300BFD583 /* Pretendard-ExtraLight.otf */,
				51FA439D2A905C3300BFD583 /* Pretendard-Medium.otf */,
				51FA439C2A905C3300BFD583 /* Pretendard-Regular.otf */,
				51FA439A2A905C3300BFD583 /* Pretendard-SemiBold.otf */,
			);
			path = Font;
			sourceTree = "<group>";
		};
		51FA43A72A9065F100BFD583 /* Home */ = {
			isa = PBXGroup;
			children = (
				51FA43A52A9065EE00BFD583 /* HomeView.swift */,
				51C3526D2A9081670065770C /* ProcessCard.swift */,
				5142D7C12A9088EE00CB555E /* ClassList.swift */,
				5142D7C32A908FDF00CB555E /* ClassDetailView.swift */,
				0EEA964A2A9122450014BD06 /* MyPage.swift */,
			);
			path = Home;
			sourceTree = "<group>";
		};
/* End PBXGroup section */

/* Begin PBXNativeTarget section */
		51FA437F2A90546600BFD583 /* Tomorrow */ = {
			isa = PBXNativeTarget;
			buildConfigurationList = 51FA438E2A90546700BFD583 /* Build configuration list for PBXNativeTarget "Tomorrow" */;
			buildPhases = (
				51FA437C2A90546600BFD583 /* Sources */,
				51FA437D2A90546600BFD583 /* Frameworks */,
				51FA437E2A90546600BFD583 /* Resources */,
			);
			buildRules = (
			);
			dependencies = (
			);
			name = Tomorrow;
			packageProductDependencies = (
				0EEA96432A90ECD50014BD06 /* Alamofire */,
			);
			productName = Tomorrow;
			productReference = 51FA43802A90546600BFD583 /* Tomorrow.app */;
			productType = "com.apple.product-type.application";
		};
/* End PBXNativeTarget section */

/* Begin PBXProject section */
		51FA43782A90546600BFD583 /* Project object */ = {
			isa = PBXProject;
			attributes = {
				BuildIndependentTargetsInParallel = 1;
				LastSwiftUpdateCheck = 1430;
				LastUpgradeCheck = 1430;
				TargetAttributes = {
					51FA437F2A90546600BFD583 = {
						CreatedOnToolsVersion = 14.3.1;
					};
				};
			};
			buildConfigurationList = 51FA437B2A90546600BFD583 /* Build configuration list for PBXProject "Tomorrow" */;
			compatibilityVersion = "Xcode 14.0";
			developmentRegion = en;
			hasScannedForEncodings = 0;
			knownRegions = (
				en,
				Base,
			);
			mainGroup = 51FA43772A90546600BFD583;
			packageReferences = (
				0EEA96422A90ECD50014BD06 /* XCRemoteSwiftPackageReference "Alamofire" */,
			);
			productRefGroup = 51FA43812A90546600BFD583 /* Products */;
			projectDirPath = "";
			projectRoot = "";
			targets = (
				51FA437F2A90546600BFD583 /* Tomorrow */,
			);
		};
/* End PBXProject section */

/* Begin PBXResourcesBuildPhase section */
		51FA437E2A90546600BFD583 /* Resources */ = {
			isa = PBXResourcesBuildPhase;
			buildActionMask = 2147483647;
			files = (
				51FA43A12A905C3300BFD583 /* Pretendard-Medium.otf in Resources */,
				51FA438B2A90546700BFD583 /* Preview Assets.xcassets in Resources */,
				51FA43A02A905C3300BFD583 /* Pretendard-Regular.otf in Resources */,
				512EAAC52A919BCC008F004E /* LaunchScreen.storyboard in Resources */,
				51FA43922A9054B500BFD583 /* .gitignore in Resources */,
				51FA439F2A905C3300BFD583 /* Pretendard-ExtraLight.otf in Resources */,
				51FA43882A90546700BFD583 /* Assets.xcassets in Resources */,
				0EEA96492A90F0F20014BD06 /* ServerMinsu.plist in Resources */,
				51FA439E2A905C3300BFD583 /* Pretendard-SemiBold.otf in Resources */,
			);
			runOnlyForDeploymentPostprocessing = 0;
		};
/* End PBXResourcesBuildPhase section */

/* Begin PBXSourcesBuildPhase section */
		51FA437C2A90546600BFD583 /* Sources */ = {
			isa = PBXSourcesBuildPhase;
			buildActionMask = 2147483647;
			files = (
				51FA43982A905A4500BFD583 /* ColorExtension.swift in Sources */,
				51E2340A2A90A557007E434E /* RoundedRectangleButton.swift in Sources */,
				51E2340C2A90A7D2007E434E /* AddClassView.swift in Sources */,
				5142D7CA2A909B6500CB555E /* ClassView.swift in Sources */,
				51FA43842A90546600BFD583 /* TomorrowApp.swift in Sources */,
				0EEA964B2A9122450014BD06 /* MyPage.swift in Sources */,
				51FA43A32A905C3E00BFD583 /* FontExtension.swift in Sources */,
				0EEA96472A90EF8B0014BD06 /* APIManager.swift in Sources */,
				5142D7C42A908FDF00CB555E /* ClassDetailView.swift in Sources */,
				5142D7C22A9088EE00CB555E /* ClassList.swift in Sources */,
				5142D7C72A909A6800CB555E /* CompletedView.swift in Sources */,
				51C3526E2A9081670065770C /* ProcessCard.swift in Sources */,
				51E2340E2A90F065007E434E /* DummyData.swift in Sources */,
				51E234072A90A0F1007E434E /* LectureDetailView.swift in Sources */,
				51FA43A62A9065EE00BFD583 /* HomeView.swift in Sources */,
				51FA43952A9059FA00BFD583 /* MainTabView.swift in Sources */,
			);
			runOnlyForDeploymentPostprocessing = 0;
		};
/* End PBXSourcesBuildPhase section */

/* Begin XCBuildConfiguration section */
		51FA438C2A90546700BFD583 /* Debug */ = {
			isa = XCBuildConfiguration;
			buildSettings = {
				ALWAYS_SEARCH_USER_PATHS = NO;
				CLANG_ANALYZER_NONNULL = YES;
				CLANG_ANALYZER_NUMBER_OBJECT_CONVERSION = YES_AGGRESSIVE;
				CLANG_CXX_LANGUAGE_STANDARD = "gnu++20";
				CLANG_ENABLE_MODULES = YES;
				CLANG_ENABLE_OBJC_ARC = YES;
				CLANG_ENABLE_OBJC_WEAK = YES;
				CLANG_WARN_BLOCK_CAPTURE_AUTORELEASING = YES;
				CLANG_WARN_BOOL_CONVERSION = YES;
				CLANG_WARN_COMMA = YES;
				CLANG_WARN_CONSTANT_CONVERSION = YES;
				CLANG_WARN_DEPRECATED_OBJC_IMPLEMENTATIONS = YES;
				CLANG_WARN_DIRECT_OBJC_ISA_USAGE = YES_ERROR;
				CLANG_WARN_DOCUMENTATION_COMMENTS = YES;
				CLANG_WARN_EMPTY_BODY = YES;
				CLANG_WARN_ENUM_CONVERSION = YES;
				CLANG_WARN_INFINITE_RECURSION = YES;
				CLANG_WARN_INT_CONVERSION = YES;
				CLANG_WARN_NON_LITERAL_NULL_CONVERSION = YES;
				CLANG_WARN_OBJC_IMPLICIT_RETAIN_SELF = YES;
				CLANG_WARN_OBJC_LITERAL_CONVERSION = YES;
				CLANG_WARN_OBJC_ROOT_CLASS = YES_ERROR;
				CLANG_WARN_QUOTED_INCLUDE_IN_FRAMEWORK_HEADER = YES;
				CLANG_WARN_RANGE_LOOP_ANALYSIS = YES;
				CLANG_WARN_STRICT_PROTOTYPES = YES;
				CLANG_WARN_SUSPICIOUS_MOVE = YES;
				CLANG_WARN_UNGUARDED_AVAILABILITY = YES_AGGRESSIVE;
				CLANG_WARN_UNREACHABLE_CODE = YES;
				CLANG_WARN__DUPLICATE_METHOD_MATCH = YES;
				COPY_PHASE_STRIP = NO;
				DEBUG_INFORMATION_FORMAT = dwarf;
				ENABLE_STRICT_OBJC_MSGSEND = YES;
				ENABLE_TESTABILITY = YES;
				GCC_C_LANGUAGE_STANDARD = gnu11;
				GCC_DYNAMIC_NO_PIC = NO;
				GCC_NO_COMMON_BLOCKS = YES;
				GCC_OPTIMIZATION_LEVEL = 0;
				GCC_PREPROCESSOR_DEFINITIONS = (
					"DEBUG=1",
					"$(inherited)",
				);
				GCC_WARN_64_TO_32_BIT_CONVERSION = YES;
				GCC_WARN_ABOUT_RETURN_TYPE = YES_ERROR;
				GCC_WARN_UNDECLARED_SELECTOR = YES;
				GCC_WARN_UNINITIALIZED_AUTOS = YES_AGGRESSIVE;
				GCC_WARN_UNUSED_FUNCTION = YES;
				GCC_WARN_UNUSED_VARIABLE = YES;
				IPHONEOS_DEPLOYMENT_TARGET = 16.4;
				MTL_ENABLE_DEBUG_INFO = INCLUDE_SOURCE;
				MTL_FAST_MATH = YES;
				ONLY_ACTIVE_ARCH = YES;
				SDKROOT = iphoneos;
				SWIFT_ACTIVE_COMPILATION_CONDITIONS = DEBUG;
				SWIFT_OPTIMIZATION_LEVEL = "-Onone";
			};
			name = Debug;
		};
		51FA438D2A90546700BFD583 /* Release */ = {
			isa = XCBuildConfiguration;
			buildSettings = {
				ALWAYS_SEARCH_USER_PATHS = NO;
				CLANG_ANALYZER_NONNULL = YES;
				CLANG_ANALYZER_NUMBER_OBJECT_CONVERSION = YES_AGGRESSIVE;
				CLANG_CXX_LANGUAGE_STANDARD = "gnu++20";
				CLANG_ENABLE_MODULES = YES;
				CLANG_ENABLE_OBJC_ARC = YES;
				CLANG_ENABLE_OBJC_WEAK = YES;
				CLANG_WARN_BLOCK_CAPTURE_AUTORELEASING = YES;
				CLANG_WARN_BOOL_CONVERSION = YES;
				CLANG_WARN_COMMA = YES;
				CLANG_WARN_CONSTANT_CONVERSION = YES;
				CLANG_WARN_DEPRECATED_OBJC_IMPLEMENTATIONS = YES;
				CLANG_WARN_DIRECT_OBJC_ISA_USAGE = YES_ERROR;
				CLANG_WARN_DOCUMENTATION_COMMENTS = YES;
				CLANG_WARN_EMPTY_BODY = YES;
				CLANG_WARN_ENUM_CONVERSION = YES;
				CLANG_WARN_INFINITE_RECURSION = YES;
				CLANG_WARN_INT_CONVERSION = YES;
				CLANG_WARN_NON_LITERAL_NULL_CONVERSION = YES;
				CLANG_WARN_OBJC_IMPLICIT_RETAIN_SELF = YES;
				CLANG_WARN_OBJC_LITERAL_CONVERSION = YES;
				CLANG_WARN_OBJC_ROOT_CLASS = YES_ERROR;
				CLANG_WARN_QUOTED_INCLUDE_IN_FRAMEWORK_HEADER = YES;
				CLANG_WARN_RANGE_LOOP_ANALYSIS = YES;
				CLANG_WARN_STRICT_PROTOTYPES = YES;
				CLANG_WARN_SUSPICIOUS_MOVE = YES;
				CLANG_WARN_UNGUARDED_AVAILABILITY = YES_AGGRESSIVE;
				CLANG_WARN_UNREACHABLE_CODE = YES;
				CLANG_WARN__DUPLICATE_METHOD_MATCH = YES;
				COPY_PHASE_STRIP = NO;
				DEBUG_INFORMATION_FORMAT = "dwarf-with-dsym";
				ENABLE_NS_ASSERTIONS = NO;
				ENABLE_STRICT_OBJC_MSGSEND = YES;
				GCC_C_LANGUAGE_STANDARD = gnu11;
				GCC_NO_COMMON_BLOCKS = YES;
				GCC_WARN_64_TO_32_BIT_CONVERSION = YES;
				GCC_WARN_ABOUT_RETURN_TYPE = YES_ERROR;
				GCC_WARN_UNDECLARED_SELECTOR = YES;
				GCC_WARN_UNINITIALIZED_AUTOS = YES_AGGRESSIVE;
				GCC_WARN_UNUSED_FUNCTION = YES;
				GCC_WARN_UNUSED_VARIABLE = YES;
				IPHONEOS_DEPLOYMENT_TARGET = 16.4;
				MTL_ENABLE_DEBUG_INFO = NO;
				MTL_FAST_MATH = YES;
				SDKROOT = iphoneos;
				SWIFT_COMPILATION_MODE = wholemodule;
				SWIFT_OPTIMIZATION_LEVEL = "-O";
				VALIDATE_PRODUCT = YES;
			};
			name = Release;
		};
		51FA438F2A90546700BFD583 /* Debug */ = {
			isa = XCBuildConfiguration;
			buildSettings = {
				ASSETCATALOG_COMPILER_APPICON_NAME = AppIcon;
				ASSETCATALOG_COMPILER_GLOBAL_ACCENT_COLOR_NAME = AccentColor;
				CODE_SIGN_STYLE = Automatic;
				CURRENT_PROJECT_VERSION = 1;
				DEVELOPMENT_ASSET_PATHS = "\"Tomorrow/Preview Content\"";
				DEVELOPMENT_TEAM = 99KH3TLG9V;
				ENABLE_PREVIEWS = YES;
				GENERATE_INFOPLIST_FILE = YES;
				INFOPLIST_FILE = Tomorrow/Info.plist;
				INFOPLIST_KEY_CFBundleDisplayName = TOMORROW;
				INFOPLIST_KEY_UIApplicationSceneManifest_Generation = YES;
				INFOPLIST_KEY_UIApplicationSupportsIndirectInputEvents = YES;
				INFOPLIST_KEY_UILaunchScreen_Generation = YES;
				INFOPLIST_KEY_UILaunchStoryboardName = LaunchScreen.storyboard;
				INFOPLIST_KEY_UISupportedInterfaceOrientations = "UIInterfaceOrientationLandscapeLeft UIInterfaceOrientationLandscapeRight UIInterfaceOrientationPortrait UIInterfaceOrientationPortraitUpsideDown";
				INFOPLIST_KEY_UIUserInterfaceStyle = Light;
				IPHONEOS_DEPLOYMENT_TARGET = 15.0;
				LD_RUNPATH_SEARCH_PATHS = (
					"$(inherited)",
					"@executable_path/Frameworks",
				);
				MARKETING_VERSION = 1.0.0;
				PRODUCT_BUNDLE_IDENTIFIER = com.Wavin.Tomorrow;
				PRODUCT_NAME = "$(TARGET_NAME)";
				SWIFT_EMIT_LOC_STRINGS = YES;
				SWIFT_VERSION = 5.0;
				TARGETED_DEVICE_FAMILY = "1,2";
			};
			name = Debug;
		};
		51FA43902A90546700BFD583 /* Release */ = {
			isa = XCBuildConfiguration;
			buildSettings = {
				ASSETCATALOG_COMPILER_APPICON_NAME = AppIcon;
				ASSETCATALOG_COMPILER_GLOBAL_ACCENT_COLOR_NAME = AccentColor;
				CODE_SIGN_STYLE = Automatic;
				CURRENT_PROJECT_VERSION = 1;
				DEVELOPMENT_ASSET_PATHS = "\"Tomorrow/Preview Content\"";
				DEVELOPMENT_TEAM = 99KH3TLG9V;
				ENABLE_PREVIEWS = YES;
				GENERATE_INFOPLIST_FILE = YES;
				INFOPLIST_FILE = Tomorrow/Info.plist;
				INFOPLIST_KEY_CFBundleDisplayName = TOMORROW;
				INFOPLIST_KEY_UIApplicationSceneManifest_Generation = YES;
				INFOPLIST_KEY_UIApplicationSupportsIndirectInputEvents = YES;
				INFOPLIST_KEY_UILaunchScreen_Generation = YES;
				INFOPLIST_KEY_UILaunchStoryboardName = LaunchScreen.storyboard;
				INFOPLIST_KEY_UISupportedInterfaceOrientations = "UIInterfaceOrientationLandscapeLeft UIInterfaceOrientationLandscapeRight UIInterfaceOrientationPortrait UIInterfaceOrientationPortraitUpsideDown";
				INFOPLIST_KEY_UIUserInterfaceStyle = Light;
				IPHONEOS_DEPLOYMENT_TARGET = 15.0;
				LD_RUNPATH_SEARCH_PATHS = (
					"$(inherited)",
					"@executable_path/Frameworks",
				);
				MARKETING_VERSION = 1.0.0;
				PRODUCT_BUNDLE_IDENTIFIER = com.Wavin.Tomorrow;
				PRODUCT_NAME = "$(TARGET_NAME)";
				SWIFT_EMIT_LOC_STRINGS = YES;
				SWIFT_VERSION = 5.0;
				TARGETED_DEVICE_FAMILY = "1,2";
			};
			name = Release;
		};
/* End XCBuildConfiguration section */

/* Begin XCConfigurationList section */
		51FA437B2A90546600BFD583 /* Build configuration list for PBXProject "Tomorrow" */ = {
			isa = XCConfigurationList;
			buildConfigurations = (
				51FA438C2A90546700BFD583 /* Debug */,
				51FA438D2A90546700BFD583 /* Release */,
			);
			defaultConfigurationIsVisible = 0;
			defaultConfigurationName = Release;
		};
		51FA438E2A90546700BFD583 /* Build configuration list for PBXNativeTarget "Tomorrow" */ = {
			isa = XCConfigurationList;
			buildConfigurations = (
				51FA438F2A90546700BFD583 /* Debug */,
				51FA43902A90546700BFD583 /* Release */,
			);
			defaultConfigurationIsVisible = 0;
			defaultConfigurationName = Release;
		};
/* End XCConfigurationList section */

/* Begin XCRemoteSwiftPackageReference section */
		0EEA96422A90ECD50014BD06 /* XCRemoteSwiftPackageReference "Alamofire" */ = {
			isa = XCRemoteSwiftPackageReference;
			repositoryURL = "https://github.com/Alamofire/Alamofire.git";
			requirement = {
				kind = upToNextMajorVersion;
				minimumVersion = 5.0.0;
			};
		};
/* End XCRemoteSwiftPackageReference section */

/* Begin XCSwiftPackageProductDependency section */
		0EEA96432A90ECD50014BD06 /* Alamofire */ = {
			isa = XCSwiftPackageProductDependency;
			package = 0EEA96422A90ECD50014BD06 /* XCRemoteSwiftPackageReference "Alamofire" */;
			productName = Alamofire;
		};
/* End XCSwiftPackageProductDependency section */
	};
	rootObject = 51FA43782A90546600BFD583 /* Project object */;
}
